
Microsoft Visual Studio Solution File, Format Version 12.00
# Visual Studio Version 16
VisualStudioVersion = 16.0.29020.237
MinimumVisualStudioVersion = 10.0.40219.1
Project("{FAE04EC0-301F-11D3-BF4B-00C04F79EFBC}") = "UnitTestProject1", "UnitTestProject1\UnitTestProject1.csproj", "{68112235-1B37-481A-85C0-ECF7AE6B77C8}"
EndProject
Global
	GlobalSection(SolutionConfigurationPlatforms) = preSolution
		Debug|Any CPU = Debug|Any CPU
		Release|Any CPU = Release|Any CPU
	EndGlobalSection
	GlobalSection(ProjectConfigurationPlatforms) = postSolution
		{68112235-1B37-481A-85C0-ECF7AE6B77C8}.Debug|Any CPU.ActiveCfg = Debug|Any CPU
		{68112235-1B37-481A-85C0-ECF7AE6B77C8}.Debug|Any CPU.Build.0 = Debug|Any CPU
		{68112235-1B37-481A-85C0-ECF7AE6B77C8}.Release|Any CPU.ActiveCfg = Release|Any CPU
		{68112235-1B37-481A-85C0-ECF7AE6B77C8}.Release|Any CPU.Build.0 = Release|Any CPU
	EndGlobalSection
	GlobalSection(SolutionProperties) = preSolution
		HideSolutionNode = FALSE
	EndGlobalSection
	GlobalSection(ExtensibilityGlobals) = postSolution
		SolutionGuid = {AE2FE4ED-4D0F-42C5-B907-26A20E2E5A02}
	EndGlobalSection
EndGlobal
